// !$*UTF8*$!
{
	archiveVersion = 1;
	classes = {
	};
	objectVersion = 56;
	objects = {

/* Begin PBXBuildFile section */
		2D20EBFF2ACDD200000FCBC5 /* CustomCell.swift in Sources */ = {isa = PBXBuildFile; fileRef = 2D20EBFE2ACDD200000FCBC5 /* CustomCell.swift */; };
		2DDAD10B2ACD87BA00B4DFAA /* AppDelegate.swift in Sources */ = {isa = PBXBuildFile; fileRef = 2DDAD10A2ACD87BA00B4DFAA /* AppDelegate.swift */; };
		2DDAD10D2ACD87BA00B4DFAA /* SceneDelegate.swift in Sources */ = {isa = PBXBuildFile; fileRef = 2DDAD10C2ACD87BA00B4DFAA /* SceneDelegate.swift */; };
		2DDAD10F2ACD87BA00B4DFAA /* ListOfDishViewController.swift in Sources */ = {isa = PBXBuildFile; fileRef = 2DDAD10E2ACD87BA00B4DFAA /* ListOfDishViewController.swift */; };
		2DDAD1142ACD87BB00B4DFAA /* Assets.xcassets in Resources */ = {isa = PBXBuildFile; fileRef = 2DDAD1132ACD87BB00B4DFAA /* Assets.xcassets */; };
		2DDAD1172ACD87BB00B4DFAA /* LaunchScreen.storyboard in Resources */ = {isa = PBXBuildFile; fileRef = 2DDAD1152ACD87BB00B4DFAA /* LaunchScreen.storyboard */; };
		2DDAD1222ACD87BB00B4DFAA /* Classwork_3Tests.swift in Sources */ = {isa = PBXBuildFile; fileRef = 2DDAD1212ACD87BB00B4DFAA /* Classwork_3Tests.swift */; };
		2DDAD12C2ACD87BB00B4DFAA /* Classwork_3UITests.swift in Sources */ = {isa = PBXBuildFile; fileRef = 2DDAD12B2ACD87BB00B4DFAA /* Classwork_3UITests.swift */; };
		2DDAD12E2ACD87BB00B4DFAA /* Classwork_3UITestsLaunchTests.swift in Sources */ = {isa = PBXBuildFile; fileRef = 2DDAD12D2ACD87BB00B4DFAA /* Classwork_3UITestsLaunchTests.swift */; };
		2DDAD13B2ACD8A5100B4DFAA /* NewItem.swift in Sources */ = {isa = PBXBuildFile; fileRef = 2DDAD13A2ACD8A5100B4DFAA /* NewItem.swift */; };
		2DDAD13D2ACD8B6200B4DFAA /* Dish.swift in Sources */ = {isa = PBXBuildFile; fileRef = 2DDAD13C2ACD8B6200B4DFAA /* Dish.swift */; };
/* End PBXBuildFile section */

/* Begin PBXContainerItemProxy section */
		2DDAD11E2ACD87BB00B4DFAA /* PBXContainerItemProxy */ = {
			isa = PBXContainerItemProxy;
			containerPortal = 2DDAD0FF2ACD87BA00B4DFAA /* Project object */;
			proxyType = 1;
			remoteGlobalIDString = 2DDAD1062ACD87BA00B4DFAA;
			remoteInfo = Classwork_3;
		};
		2DDAD1282ACD87BB00B4DFAA /* PBXContainerItemProxy */ = {
			isa = PBXContainerItemProxy;
			containerPortal = 2DDAD0FF2ACD87BA00B4DFAA /* Project object */;
			proxyType = 1;
			remoteGlobalIDString = 2DDAD1062ACD87BA00B4DFAA;
			remoteInfo = Classwork_3;
		};
/* End PBXContainerItemProxy section */

/* Begin PBXFileReference section */
		2D20EBFE2ACDD200000FCBC5 /* CustomCell.swift */ = {isa = PBXFileReference; lastKnownFileType = sourcecode.swift; path = CustomCell.swift; sourceTree = "<group>"; };
		2DDAD1072ACD87BA00B4DFAA /* Classwork_3.app */ = {isa = PBXFileReference; explicitFileType = wrapper.application; includeInIndex = 0; path = Classwork_3.app; sourceTree = BUILT_PRODUCTS_DIR; };
		2DDAD10A2ACD87BA00B4DFAA /* AppDelegate.swift */ = {isa = PBXFileReference; lastKnownFileType = sourcecode.swift; path = AppDelegate.swift; sourceTree = "<group>"; };
		2DDAD10C2ACD87BA00B4DFAA /* SceneDelegate.swift */ = {isa = PBXFileReference; lastKnownFileType = sourcecode.swift; path = SceneDelegate.swift; sourceTree = "<group>"; };
		2DDAD10E2ACD87BA00B4DFAA /* ListOfDishViewController.swift */ = {isa = PBXFileReference; lastKnownFileType = sourcecode.swift; path = ListOfDishViewController.swift; sourceTree = "<group>"; };
		2DDAD1132ACD87BB00B4DFAA /* Assets.xcassets */ = {isa = PBXFileReference; lastKnownFileType = folder.assetcatalog; path = Assets.xcassets; sourceTree = "<group>"; };
		2DDAD1162ACD87BB00B4DFAA /* Base */ = {isa = PBXFileReference; lastKnownFileType = file.storyboard; name = Base; path = Base.lproj/LaunchScreen.storyboard; sourceTree = "<group>"; };
		2DDAD1182ACD87BB00B4DFAA /* Info.plist */ = {isa = PBXFileReference; lastKnownFileType = text.plist.xml; path = Info.plist; sourceTree = "<group>"; };
		2DDAD11D2ACD87BB00B4DFAA /* Classwork_3Tests.xctest */ = {isa = PBXFileReference; explicitFileType = wrapper.cfbundle; includeInIndex = 0; path = Classwork_3Tests.xctest; sourceTree = BUILT_PRODUCTS_DIR; };
		2DDAD1212ACD87BB00B4DFAA /* Classwork_3Tests.swift */ = {isa = PBXFileReference; lastKnownFileType = sourcecode.swift; path = Classwork_3Tests.swift; sourceTree = "<group>"; };
		2DDAD1272ACD87BB00B4DFAA /* Classwork_3UITests.xctest */ = {isa = PBXFileReference; explicitFileType = wrapper.cfbundle; includeInIndex = 0; path = Classwork_3UITests.xctest; sourceTree = BUILT_PRODUCTS_DIR; };
		2DDAD12B2ACD87BB00B4DFAA /* Classwork_3UITests.swift */ = {isa = PBXFileReference; lastKnownFileType = sourcecode.swift; path = Classwork_3UITests.swift; sourceTree = "<group>"; };
		2DDAD12D2ACD87BB00B4DFAA /* Classwork_3UITestsLaunchTests.swift */ = {isa = PBXFileReference; lastKnownFileType = sourcecode.swift; path = Classwork_3UITestsLaunchTests.swift; sourceTree = "<group>"; };
		2DDAD13A2ACD8A5100B4DFAA /* NewItem.swift */ = {isa = PBXFileReference; lastKnownFileType = sourcecode.swift; path = NewItem.swift; sourceTree = "<group>"; };
		2DDAD13C2ACD8B6200B4DFAA /* Dish.swift */ = {isa = PBXFileReference; lastKnownFileType = sourcecode.swift; path = Dish.swift; sourceTree = "<group>"; };
/* End PBXFileReference section */

/* Begin PBXFrameworksBuildPhase section */
		2DDAD1042ACD87BA00B4DFAA /* Frameworks */ = {
			isa = PBXFrameworksBuildPhase;
			buildActionMask = 2147483647;
			files = (
			);
			runOnlyForDeploymentPostprocessing = 0;
		};
		2DDAD11A2ACD87BB00B4DFAA /* Frameworks */ = {
			isa = PBXFrameworksBuildPhase;
			buildActionMask = 2147483647;
			files = (
			);
			runOnlyForDeploymentPostprocessing = 0;
		};
		2DDAD1242ACD87BB00B4DFAA /* Frameworks */ = {
			isa = PBXFrameworksBuildPhase;
			buildActionMask = 2147483647;
			files = (
			);
			runOnlyForDeploymentPostprocessing = 0;
		};
/* End PBXFrameworksBuildPhase section */

/* Begin PBXGroup section */
		2D20EC002ACDD212000FCBC5 /* App */ = {
			isa = PBXGroup;
			children = (
				2DDAD10A2ACD87BA00B4DFAA /* AppDelegate.swift */,
				2DDAD10C2ACD87BA00B4DFAA /* SceneDelegate.swift */,
			);
			path = App;
			sourceTree = "<group>";
		};
		2D20EC012ACDD232000FCBC5 /* Controllers */ = {
			isa = PBXGroup;
			children = (
				2D20EC022ACDD245000FCBC5 /* Main */,
				2D20EC042ACDD2A1000FCBC5 /* Modal */,
			);
			path = Controllers;
			sourceTree = "<group>";
		};
		2D20EC022ACDD245000FCBC5 /* Main */ = {
			isa = PBXGroup;
			children = (
				2DDAD10E2ACD87BA00B4DFAA /* ListOfDishViewController.swift */,
			);
			path = Main;
			sourceTree = "<group>";
		};
		2D20EC032ACDD267000FCBC5 /* Models */ = {
			isa = PBXGroup;
			children = (
				2DDAD13C2ACD8B6200B4DFAA /* Dish.swift */,
			);
			path = Models;
			sourceTree = "<group>";
		};
		2D20EC042ACDD2A1000FCBC5 /* Modal */ = {
			isa = PBXGroup;
			children = (
				2DDAD13A2ACD8A5100B4DFAA /* NewItem.swift */,
			);
			path = Modal;
			sourceTree = "<group>";
		};
		2D57DA692AD563EA0065C2AA /* CustomViews */ = {
			isa = PBXGroup;
			children = (
				2D20EBFE2ACDD200000FCBC5 /* CustomCell.swift */,
			);
			path = CustomViews;
			sourceTree = "<group>";
		};
		2DDAD0FE2ACD87BA00B4DFAA = {
			isa = PBXGroup;
			children = (
				2DDAD1092ACD87BA00B4DFAA /* Classwork_3 */,
				2DDAD1202ACD87BB00B4DFAA /* Classwork_3Tests */,
				2DDAD12A2ACD87BB00B4DFAA /* Classwork_3UITests */,
				2DDAD1082ACD87BA00B4DFAA /* Products */,
			);
			sourceTree = "<group>";
		};
		2DDAD1082ACD87BA00B4DFAA /* Products */ = {
			isa = PBXGroup;
			children = (
				2DDAD1072ACD87BA00B4DFAA /* Classwork_3.app */,
				2DDAD11D2ACD87BB00B4DFAA /* Classwork_3Tests.xctest */,
				2DDAD1272ACD87BB00B4DFAA /* Classwork_3UITests.xctest */,
			);
			name = Products;
			sourceTree = "<group>";
		};
		2DDAD1092ACD87BA00B4DFAA /* Classwork_3 */ = {
			isa = PBXGroup;
			children = (
				2D20EC002ACDD212000FCBC5 /* App */,
				2D20EC012ACDD232000FCBC5 /* Controllers */,
				2D20EC032ACDD267000FCBC5 /* Models */,
				2D57DA692AD563EA0065C2AA /* CustomViews */,
				2DDAD1132ACD87BB00B4DFAA /* Assets.xcassets */,
				2DDAD1152ACD87BB00B4DFAA /* LaunchScreen.storyboard */,
				2DDAD1182ACD87BB00B4DFAA /* Info.plist */,
			);
			path = Classwork_3;
			sourceTree = "<group>";
		};
		2DDAD1202ACD87BB00B4DFAA /* Classwork_3Tests */ = {
			isa = PBXGroup;
			children = (
				2DDAD1212ACD87BB00B4DFAA /* Classwork_3Tests.swift */,
			);
			path = Classwork_3Tests;
			sourceTree = "<group>";
		};
		2DDAD12A2ACD87BB00B4DFAA /* Classwork_3UITests */ = {
			isa = PBXGroup;
			children = (
				2DDAD12B2ACD87BB00B4DFAA /* Classwork_3UITests.swift */,
				2DDAD12D2ACD87BB00B4DFAA /* Classwork_3UITestsLaunchTests.swift */,
			);
			path = Classwork_3UITests;
			sourceTree = "<group>";
		};
/* End PBXGroup section */

/* Begin PBXNativeTarget section */
		2DDAD1062ACD87BA00B4DFAA /* Classwork_3 */ = {
			isa = PBXNativeTarget;
			buildConfigurationList = 2DDAD1312ACD87BB00B4DFAA /* Build configuration list for PBXNativeTarget "Classwork_3" */;
			buildPhases = (
				2DDAD1032ACD87BA00B4DFAA /* Sources */,
				2DDAD1042ACD87BA00B4DFAA /* Frameworks */,
				2DDAD1052ACD87BA00B4DFAA /* Resources */,
			);
			buildRules = (
			);
			dependencies = (
			);
			name = Classwork_3;
			productName = Classwork_3;
			productReference = 2DDAD1072ACD87BA00B4DFAA /* Classwork_3.app */;
			productType = "com.apple.product-type.application";
		};
		2DDAD11C2ACD87BB00B4DFAA /* Classwork_3Tests */ = {
			isa = PBXNativeTarget;
			buildConfigurationList = 2DDAD1342ACD87BB00B4DFAA /* Build configuration list for PBXNativeTarget "Classwork_3Tests" */;
			buildPhases = (
				2DDAD1192ACD87BB00B4DFAA /* Sources */,
				2DDAD11A2ACD87BB00B4DFAA /* Frameworks */,
				2DDAD11B2ACD87BB00B4DFAA /* Resources */,
			);
			buildRules = (
			);
			dependencies = (
				2DDAD11F2ACD87BB00B4DFAA /* PBXTargetDependency */,
			);
			name = Classwork_3Tests;
			productName = Classwork_3Tests;
			productReference = 2DDAD11D2ACD87BB00B4DFAA /* Classwork_3Tests.xctest */;
			productType = "com.apple.product-type.bundle.unit-test";
		};
		2DDAD1262ACD87BB00B4DFAA /* Classwork_3UITests */ = {
			isa = PBXNativeTarget;
			buildConfigurationList = 2DDAD1372ACD87BB00B4DFAA /* Build configuration list for PBXNativeTarget "Classwork_3UITests" */;
			buildPhases = (
				2DDAD1232ACD87BB00B4DFAA /* Sources */,
				2DDAD1242ACD87BB00B4DFAA /* Frameworks */,
				2DDAD1252ACD87BB00B4DFAA /* Resources */,
			);
			buildRules = (
			);
			dependencies = (
				2DDAD1292ACD87BB00B4DFAA /* PBXTargetDependency */,
			);
			name = Classwork_3UITests;
			productName = Classwork_3UITests;
			productReference = 2DDAD1272ACD87BB00B4DFAA /* Classwork_3UITests.xctest */;
			productType = "com.apple.product-type.bundle.ui-testing";
		};
/* End PBXNativeTarget section */

/* Begin PBXProject section */
		2DDAD0FF2ACD87BA00B4DFAA /* Project object */ = {
			isa = PBXProject;
			attributes = {
				BuildIndependentTargetsInParallel = 1;
				LastSwiftUpdateCheck = 1430;
				LastUpgradeCheck = 1430;
				TargetAttributes = {
					2DDAD1062ACD87BA00B4DFAA = {
						CreatedOnToolsVersion = 14.3.1;
					};
					2DDAD11C2ACD87BB00B4DFAA = {
						CreatedOnToolsVersion = 14.3.1;
						TestTargetID = 2DDAD1062ACD87BA00B4DFAA;
					};
					2DDAD1262ACD87BB00B4DFAA = {
						CreatedOnToolsVersion = 14.3.1;
						TestTargetID = 2DDAD1062ACD87BA00B4DFAA;
					};
				};
			};
			buildConfigurationList = 2DDAD1022ACD87BA00B4DFAA /* Build configuration list for PBXProject "Classwork_3" */;
			compatibilityVersion = "Xcode 14.0";
			developmentRegion = en;
			hasScannedForEncodings = 0;
			knownRegions = (
				en,
				Base,
			);
			mainGroup = 2DDAD0FE2ACD87BA00B4DFAA;
			productRefGroup = 2DDAD1082ACD87BA00B4DFAA /* Products */;
			projectDirPath = "";
			projectRoot = "";
			targets = (
				2DDAD1062ACD87BA00B4DFAA /* Classwork_3 */,
				2DDAD11C2ACD87BB00B4DFAA /* Classwork_3Tests */,
				2DDAD1262ACD87BB00B4DFAA /* Classwork_3UITests */,
			);
		};
/* End PBXProject section */

/* Begin PBXResourcesBuildPhase section */
		2DDAD1052ACD87BA00B4DFAA /* Resources */ = {
			isa = PBXResourcesBuildPhase;
			buildActionMask = 2147483647;
			files = (
				2DDAD1172ACD87BB00B4DFAA /* LaunchScreen.storyboard in Resources */,
				2DDAD1142ACD87BB00B4DFAA /* Assets.xcassets in Resources */,
			);
			runOnlyForDeploymentPostprocessing = 0;
		};
		2DDAD11B2ACD87BB00B4DFAA /* Resources */ = {
			isa = PBXResourcesBuildPhase;
			buildActionMask = 2147483647;
			files = (
			);
			runOnlyForDeploymentPostprocessing = 0;
		};
		2DDAD1252ACD87BB00B4DFAA /* Resources */ = {
			isa = PBXResourcesBuildPhase;
			buildActionMask = 2147483647;
			files = (
			);
			runOnlyForDeploymentPostprocessing = 0;
		};
/* End PBXResourcesBuildPhase section */

/* Begin PBXSourcesBuildPhase section */
		2DDAD1032ACD87BA00B4DFAA /* Sources */ = {
			isa = PBXSourcesBuildPhase;
			buildActionMask = 2147483647;
			files = (
				2DDAD10F2ACD87BA00B4DFAA /* ListOfDishViewController.swift in Sources */,
				2DDAD13D2ACD8B6200B4DFAA /* Dish.swift in Sources */,
				2DDAD13B2ACD8A5100B4DFAA /* NewItem.swift in Sources */,
				2DDAD10B2ACD87BA00B4DFAA /* AppDelegate.swift in Sources */,
				2D20EBFF2ACDD200000FCBC5 /* CustomCell.swift in Sources */,
				2DDAD10D2ACD87BA00B4DFAA /* SceneDelegate.swift in Sources */,
			);
			runOnlyForDeploymentPostprocessing = 0;
		};
		2DDAD1192ACD87BB00B4DFAA /* Sources */ = {
			isa = PBXSourcesBuildPhase;
			buildActionMask = 2147483647;
			files = (
				2DDAD1222ACD87BB00B4DFAA /* Classwork_3Tests.swift in Sources */,
			);
			runOnlyForDeploymentPostprocessing = 0;
		};
		2DDAD1232ACD87BB00B4DFAA /* Sources */ = {
			isa = PBXSourcesBuildPhase;
			buildActionMask = 2147483647;
			files = (
				2DDAD12E2ACD87BB00B4DFAA /* Classwork_3UITestsLaunchTests.swift in Sources */,
				2DDAD12C2ACD87BB00B4DFAA /* Classwork_3UITests.swift in Sources */,
			);
			runOnlyForDeploymentPostprocessing = 0;
		};
/* End PBXSourcesBuildPhase section */

/* Begin PBXTargetDependency section */
		2DDAD11F2ACD87BB00B4DFAA /* PBXTargetDependency */ = {
			isa = PBXTargetDependency;
			target = 2DDAD1062ACD87BA00B4DFAA /* Classwork_3 */;
			targetProxy = 2DDAD11E2ACD87BB00B4DFAA /* PBXContainerItemProxy */;
		};
		2DDAD1292ACD87BB00B4DFAA /* PBXTargetDependency */ = {
			isa = PBXTargetDependency;
			target = 2DDAD1062ACD87BA00B4DFAA /* Classwork_3 */;
			targetProxy = 2DDAD1282ACD87BB00B4DFAA /* PBXContainerItemProxy */;
		};
/* End PBXTargetDependency section */

/* Begin PBXVariantGroup section */
		2DDAD1152ACD87BB00B4DFAA /* LaunchScreen.storyboard */ = {
			isa = PBXVariantGroup;
			children = (
				2DDAD1162ACD87BB00B4DFAA /* Base */,
			);
			name = LaunchScreen.storyboard;
			sourceTree = "<group>";
		};
/* End PBXVariantGroup section */

/* Begin XCBuildConfiguration section */
		2DDAD12F2ACD87BB00B4DFAA /* Debug */ = {
			isa = XCBuildConfiguration;
			buildSettings = {
				ALWAYS_SEARCH_USER_PATHS = NO;
				CLANG_ANALYZER_NONNULL = YES;
				CLANG_ANALYZER_NUMBER_OBJECT_CONVERSION = YES_AGGRESSIVE;
				CLANG_CXX_LANGUAGE_STANDARD = "gnu++20";
				CLANG_ENABLE_MODULES = YES;
				CLANG_ENABLE_OBJC_ARC = YES;
				CLANG_ENABLE_OBJC_WEAK = YES;
				CLANG_WARN_BLOCK_CAPTURE_AUTORELEASING = YES;
				CLANG_WARN_BOOL_CONVERSION = YES;
				CLANG_WARN_COMMA = YES;
				CLANG_WARN_CONSTANT_CONVERSION = YES;
				CLANG_WARN_DEPRECATED_OBJC_IMPLEMENTATIONS = YES;
				CLANG_WARN_DIRECT_OBJC_ISA_USAGE = YES_ERROR;
				CLANG_WARN_DOCUMENTATION_COMMENTS = YES;
				CLANG_WARN_EMPTY_BODY = YES;
				CLANG_WARN_ENUM_CONVERSION = YES;
				CLANG_WARN_INFINITE_RECURSION = YES;
				CLANG_WARN_INT_CONVERSION = YES;
				CLANG_WARN_NON_LITERAL_NULL_CONVERSION = YES;
				CLANG_WARN_OBJC_IMPLICIT_RETAIN_SELF = YES;
				CLANG_WARN_OBJC_LITERAL_CONVERSION = YES;
				CLANG_WARN_OBJC_ROOT_CLASS = YES_ERROR;
				CLANG_WARN_QUOTED_INCLUDE_IN_FRAMEWORK_HEADER = YES;
				CLANG_WARN_RANGE_LOOP_ANALYSIS = YES;
				CLANG_WARN_STRICT_PROTOTYPES = YES;
				CLANG_WARN_SUSPICIOUS_MOVE = YES;
				CLANG_WARN_UNGUARDED_AVAILABILITY = YES_AGGRESSIVE;
				CLANG_WARN_UNREACHABLE_CODE = YES;
				CLANG_WARN__DUPLICATE_METHOD_MATCH = YES;
				COPY_PHASE_STRIP = NO;
				DEBUG_INFORMATION_FORMAT = dwarf;
				ENABLE_STRICT_OBJC_MSGSEND = YES;
				ENABLE_TESTABILITY = YES;
				GCC_C_LANGUAGE_STANDARD = gnu11;
				GCC_DYNAMIC_NO_PIC = NO;
				GCC_NO_COMMON_BLOCKS = YES;
				GCC_OPTIMIZATION_LEVEL = 0;
				GCC_PREPROCESSOR_DEFINITIONS = (
					"DEBUG=1",
					"$(inherited)",
				);
				GCC_WARN_64_TO_32_BIT_CONVERSION = YES;
				GCC_WARN_ABOUT_RETURN_TYPE = YES_ERROR;
				GCC_WARN_UNDECLARED_SELECTOR = YES;
				GCC_WARN_UNINITIALIZED_AUTOS = YES_AGGRESSIVE;
				GCC_WARN_UNUSED_FUNCTION = YES;
				GCC_WARN_UNUSED_VARIABLE = YES;
				IPHONEOS_DEPLOYMENT_TARGET = 16.4;
				MTL_ENABLE_DEBUG_INFO = INCLUDE_SOURCE;
				MTL_FAST_MATH = YES;
				ONLY_ACTIVE_ARCH = YES;
				SDKROOT = iphoneos;
				SWIFT_ACTIVE_COMPILATION_CONDITIONS = DEBUG;
				SWIFT_OPTIMIZATION_LEVEL = "-Onone";
			};
			name = Debug;
		};
		2DDAD1302ACD87BB00B4DFAA /* Release */ = {
			isa = XCBuildConfiguration;
			buildSettings = {
				ALWAYS_SEARCH_USER_PATHS = NO;
				CLANG_ANALYZER_NONNULL = YES;
				CLANG_ANALYZER_NUMBER_OBJECT_CONVERSION = YES_AGGRESSIVE;
				CLANG_CXX_LANGUAGE_STANDARD = "gnu++20";
				CLANG_ENABLE_MODULES = YES;
				CLANG_ENABLE_OBJC_ARC = YES;
				CLANG_ENABLE_OBJC_WEAK = YES;
				CLANG_WARN_BLOCK_CAPTURE_AUTORELEASING = YES;
				CLANG_WARN_BOOL_CONVERSION = YES;
				CLANG_WARN_COMMA = YES;
				CLANG_WARN_CONSTANT_CONVERSION = YES;
				CLANG_WARN_DEPRECATED_OBJC_IMPLEMENTATIONS = YES;
				CLANG_WARN_DIRECT_OBJC_ISA_USAGE = YES_ERROR;
				CLANG_WARN_DOCUMENTATION_COMMENTS = YES;
				CLANG_WARN_EMPTY_BODY = YES;
				CLANG_WARN_ENUM_CONVERSION = YES;
				CLANG_WARN_INFINITE_RECURSION = YES;
				CLANG_WARN_INT_CONVERSION = YES;
				CLANG_WARN_NON_LITERAL_NULL_CONVERSION = YES;
				CLANG_WARN_OBJC_IMPLICIT_RETAIN_SELF = YES;
				CLANG_WARN_OBJC_LITERAL_CONVERSION = YES;
				CLANG_WARN_OBJC_ROOT_CLASS = YES_ERROR;
				CLANG_WARN_QUOTED_INCLUDE_IN_FRAMEWORK_HEADER = YES;
				CLANG_WARN_RANGE_LOOP_ANALYSIS = YES;
				CLANG_WARN_STRICT_PROTOTYPES = YES;
				CLANG_WARN_SUSPICIOUS_MOVE = YES;
				CLANG_WARN_UNGUARDED_AVAILABILITY = YES_AGGRESSIVE;
				CLANG_WARN_UNREACHABLE_CODE = YES;
				CLANG_WARN__DUPLICATE_METHOD_MATCH = YES;
				COPY_PHASE_STRIP = NO;
				DEBUG_INFORMATION_FORMAT = "dwarf-with-dsym";
				ENABLE_NS_ASSERTIONS = NO;
				ENABLE_STRICT_OBJC_MSGSEND = YES;
				GCC_C_LANGUAGE_STANDARD = gnu11;
				GCC_NO_COMMON_BLOCKS = YES;
				GCC_WARN_64_TO_32_BIT_CONVERSION = YES;
				GCC_WARN_ABOUT_RETURN_TYPE = YES_ERROR;
				GCC_WARN_UNDECLARED_SELECTOR = YES;
				GCC_WARN_UNINITIALIZED_AUTOS = YES_AGGRESSIVE;
				GCC_WARN_UNUSED_FUNCTION = YES;
				GCC_WARN_UNUSED_VARIABLE = YES;
				IPHONEOS_DEPLOYMENT_TARGET = 16.4;
				MTL_ENABLE_DEBUG_INFO = NO;
				MTL_FAST_MATH = YES;
				SDKROOT = iphoneos;
				SWIFT_COMPILATION_MODE = wholemodule;
				SWIFT_OPTIMIZATION_LEVEL = "-O";
				VALIDATE_PRODUCT = YES;
			};
			name = Release;
		};
		2DDAD1322ACD87BB00B4DFAA /* Debug */ = {
			isa = XCBuildConfiguration;
			buildSettings = {
				ASSETCATALOG_COMPILER_APPICON_NAME = AppIcon;
				ASSETCATALOG_COMPILER_GLOBAL_ACCENT_COLOR_NAME = AccentColor;
				CODE_SIGN_STYLE = Automatic;
				CURRENT_PROJECT_VERSION = 1;
				DEVELOPMENT_TEAM = B95M54369M;
				GENERATE_INFOPLIST_FILE = YES;
				INFOPLIST_FILE = Classwork_3/Info.plist;
				INFOPLIST_KEY_UIApplicationSupportsIndirectInputEvents = YES;
				INFOPLIST_KEY_UILaunchStoryboardName = LaunchScreen;
				INFOPLIST_KEY_UISupportedInterfaceOrientations_iPad = "UIInterfaceOrientationPortrait UIInterfaceOrientationPortraitUpsideDown UIInterfaceOrientationLandscapeLeft UIInterfaceOrientationLandscapeRight";
				INFOPLIST_KEY_UISupportedInterfaceOrientations_iPhone = "UIInterfaceOrientationPortrait UIInterfaceOrientationLandscapeLeft UIInterfaceOrientationLandscapeRight";
				LD_RUNPATH_SEARCH_PATHS = (
					"$(inherited)",
					"@executable_path/Frameworks",
				);
				MARKETING_VERSION = 1.0;
				PRODUCT_BUNDLE_IDENTIFIER = "-.Classwork-3";
				PRODUCT_NAME = "$(TARGET_NAME)";
				SWIFT_EMIT_LOC_STRINGS = YES;
				SWIFT_VERSION = 5.0;
				TARGETED_DEVICE_FAMILY = "1,2";
			};
			name = Debug;
		};
		2DDAD1332ACD87BB00B4DFAA /* Release */ = {
			isa = XCBuildConfiguration;
			buildSettings = {
				ASSETCATALOG_COMPILER_APPICON_NAME = AppIcon;
				ASSETCATALOG_COMPILER_GLOBAL_ACCENT_COLOR_NAME = AccentColor;
				CODE_SIGN_STYLE = Automatic;
				CURRENT_PROJECT_VERSION = 1;
				DEVELOPMENT_TEAM = B95M54369M;
				GENERATE_INFOPLIST_FILE = YES;
				INFOPLIST_FILE = Classwork_3/Info.plist;
				INFOPLIST_KEY_UIApplicationSupportsIndirectInputEvents = YES;
				INFOPLIST_KEY_UILaunchStoryboardName = LaunchScreen;
				INFOPLIST_KEY_UISupportedInterfaceOrientations_iPad = "UIInterfaceOrientationPortrait UIInterfaceOrientationPortraitUpsideDown UIInterfaceOrientationLandscapeLeft UIInterfaceOrientationLandscapeRight";
				INFOPLIST_KEY_UISupportedInterfaceOrientations_iPhone = "UIInterfaceOrientationPortrait UIInterfaceOrientationLandscapeLeft UIInterfaceOrientationLandscapeRight";
				LD_RUNPATH_SEARCH_PATHS = (
					"$(inherited)",
					"@executable_path/Frameworks",
				);
				MARKETING_VERSION = 1.0;
				PRODUCT_BUNDLE_IDENTIFIER = "-.Classwork-3";
				PRODUCT_NAME = "$(TARGET_NAME)";
				SWIFT_EMIT_LOC_STRINGS = YES;
				SWIFT_VERSION = 5.0;
				TARGETED_DEVICE_FAMILY = "1,2";
			};
			name = Release;
		};
		2DDAD1352ACD87BB00B4DFAA /* Debug */ = {
			isa = XCBuildConfiguration;
			buildSettings = {
				ALWAYS_EMBED_SWIFT_STANDARD_LIBRARIES = YES;
				BUNDLE_LOADER = "$(TEST_HOST)";
				CODE_SIGN_STYLE = Automatic;
				CURRENT_PROJECT_VERSION = 1;
				DEVELOPMENT_TEAM = B95M54369M;
				GENERATE_INFOPLIST_FILE = YES;
				IPHONEOS_DEPLOYMENT_TARGET = 16.4;
				MARKETING_VERSION = 1.0;
				PRODUCT_BUNDLE_IDENTIFIER = "-.Classwork-3Tests";
				PRODUCT_NAME = "$(TARGET_NAME)";
				SWIFT_EMIT_LOC_STRINGS = NO;
				SWIFT_VERSION = 5.0;
				TARGETED_DEVICE_FAMILY = "1,2";
				TEST_HOST = "$(BUILT_PRODUCTS_DIR)/Classwork_3.app/$(BUNDLE_EXECUTABLE_FOLDER_PATH)/Classwork_3";
			};
			name = Debug;
		};
		2DDAD1362ACD87BB00B4DFAA /* Release */ = {
			isa = XCBuildConfiguration;
			buildSettings = {
				ALWAYS_EMBED_SWIFT_STANDARD_LIBRARIES = YES;
				BUNDLE_LOADER = "$(TEST_HOST)";
				CODE_SIGN_STYLE = Automatic;
				CURRENT_PROJECT_VERSION = 1;
				DEVELOPMENT_TEAM = B95M54369M;
				GENERATE_INFOPLIST_FILE = YES;
				IPHONEOS_DEPLOYMENT_TARGET = 16.4;
				MARKETING_VERSION = 1.0;
				PRODUCT_BUNDLE_IDENTIFIER = "-.Classwork-3Tests";
				PRODUCT_NAME = "$(TARGET_NAME)";
				SWIFT_EMIT_LOC_STRINGS = NO;
				SWIFT_VERSION = 5.0;
				TARGETED_DEVICE_FAMILY = "1,2";
				TEST_HOST = "$(BUILT_PRODUCTS_DIR)/Classwork_3.app/$(BUNDLE_EXECUTABLE_FOLDER_PATH)/Classwork_3";
			};
			name = Release;
		};
		2DDAD1382ACD87BB00B4DFAA /* Debug */ = {
			isa = XCBuildConfiguration;
			buildSettings = {
				ALWAYS_EMBED_SWIFT_STANDARD_LIBRARIES = YES;
				CODE_SIGN_STYLE = Automatic;
				CURRENT_PROJECT_VERSION = 1;
				DEVELOPMENT_TEAM = B95M54369M;
				GENERATE_INFOPLIST_FILE = YES;
				MARKETING_VERSION = 1.0;
				PRODUCT_BUNDLE_IDENTIFIER = "-.Classwork-3UITests";
				PRODUCT_NAME = "$(TARGET_NAME)";
				SWIFT_EMIT_LOC_STRINGS = NO;
				SWIFT_VERSION = 5.0;
				TARGETED_DEVICE_FAMILY = "1,2";
				TEST_TARGET_NAME = Classwork_3;
			};
			name = Debug;
		};
		2DDAD1392ACD87BB00B4DFAA /* Release */ = {
			isa = XCBuildConfiguration;
			buildSettings = {
				ALWAYS_EMBED_SWIFT_STANDARD_LIBRARIES = YES;
				CODE_SIGN_STYLE = Automatic;
				CURRENT_PROJECT_VERSION = 1;
				DEVELOPMENT_TEAM = B95M54369M;
				GENERATE_INFOPLIST_FILE = YES;
				MARKETING_VERSION = 1.0;
				PRODUCT_BUNDLE_IDENTIFIER = "-.Classwork-3UITests";
				PRODUCT_NAME = "$(TARGET_NAME)";
				SWIFT_EMIT_LOC_STRINGS = NO;
				SWIFT_VERSION = 5.0;
				TARGETED_DEVICE_FAMILY = "1,2";
				TEST_TARGET_NAME = Classwork_3;
			};
			name = Release;
		};
/* End XCBuildConfiguration section */

/* Begin XCConfigurationList section */
		2DDAD1022ACD87BA00B4DFAA /* Build configuration list for PBXProject "Classwork_3" */ = {
			isa = XCConfigurationList;
			buildConfigurations = (
				2DDAD12F2ACD87BB00B4DFAA /* Debug */,
				2DDAD1302ACD87BB00B4DFAA /* Release */,
			);
			defaultConfigurationIsVisible = 0;
			defaultConfigurationName = Release;
		};
		2DDAD1312ACD87BB00B4DFAA /* Build configuration list for PBXNativeTarget "Classwork_3" */ = {
			isa = XCConfigurationList;
			buildConfigurations = (
				2DDAD1322ACD87BB00B4DFAA /* Debug */,
				2DDAD1332ACD87BB00B4DFAA /* Release */,
			);
			defaultConfigurationIsVisible = 0;
			defaultConfigurationName = Release;
		};
		2DDAD1342ACD87BB00B4DFAA /* Build configuration list for PBXNativeTarget "Classwork_3Tests" */ = {
			isa = XCConfigurationList;
			buildConfigurations = (
				2DDAD1352ACD87BB00B4DFAA /* Debug */,
				2DDAD1362ACD87BB00B4DFAA /* Release */,
			);
			defaultConfigurationIsVisible = 0;
			defaultConfigurationName = Release;
		};
		2DDAD1372ACD87BB00B4DFAA /* Build configuration list for PBXNativeTarget "Classwork_3UITests" */ = {
			isa = XCConfigurationList;
			buildConfigurations = (
				2DDAD1382ACD87BB00B4DFAA /* Debug */,
				2DDAD1392ACD87BB00B4DFAA /* Release */,
			);
			defaultConfigurationIsVisible = 0;
			defaultConfigurationName = Release;
		};
/* End XCConfigurationList section */
	};
	rootObject = 2DDAD0FF2ACD87BA00B4DFAA /* Project object */;
}
